
Microsoft Visual Studio Solution File, Format Version 12.00
# Visual Studio 2013
VisualStudioVersion = 12.0.40629.0
MinimumVisualStudioVersion = 10.0.40219.1
Project("{2150E333-8FDC-42A3-9474-1A3956D46DE8}") = "Software", "Software", "{C0298E6B-A761-41E2-9061-36B3F81843E7}"
EndProject
Project("{2150E333-8FDC-42A3-9474-1A3956D46DE8}") = "UserInterface", "UserInterface", "{F745F272-E48A-4E24-AEA8-025067B64813}"
EndProject
Project("{2150E333-8FDC-42A3-9474-1A3956D46DE8}") = "CoreLogic", "CoreLogic", "{49C8458C-31EC-4431-BD90-79E71DBA99AF}"
EndProject
Project("{2150E333-8FDC-42A3-9474-1A3956D46DE8}") = "DataAccess", "DataAccess", "{01FD7225-3541-43EB-B889-882269A78E08}"
EndProject
Project("{2150E333-8FDC-42A3-9474-1A3956D46DE8}") = "LabApp", "LabApp", "{A965715E-C28E-43EA-AAEC-56CA7C8B0F9E}"
EndProject
Project("{2150E333-8FDC-42A3-9474-1A3956D46DE8}") = "LIS", "LIS", "{16AE37F9-0A08-4BBD-8206-C0DC41F3EE71}"
EndProject
Project("{2150E333-8FDC-42A3-9474-1A3956D46DE8}") = "Service", "Service", "{7840025C-5806-4DC5-B59E-344534547803}"
EndProject
Project("{2150E333-8FDC-42A3-9474-1A3956D46DE8}") = "Interfaces", "Interfaces", "{033C2453-0BB0-40BC-9066-8FEECFA0B250}"
EndProject
Project("{2150E333-8FDC-42A3-9474-1A3956D46DE8}") = "HL7Parsers", "HL7Parsers", "{7BE931D6-559C-4FCF-B055-F7490D9027BA}"
EndProject
Project("{2150E333-8FDC-42A3-9474-1A3956D46DE8}") = "UnitTesting", "UnitTesting", "{698917CE-360D-42EF-8E1E-59B0C5818FE8}"
EndProject
Project("{2150E333-8FDC-42A3-9474-1A3956D46DE8}") = "UnitTesting", "UnitTesting", "{9B7FAADF-347D-45FE-9410-8E4309DAB07B}"
EndProject
Project("{2150E333-8FDC-42A3-9474-1A3956D46DE8}") = "UnitTesting", "UnitTesting", "{F1823407-E193-495A-95A1-F6AC629BC630}"
EndProject
Project("{2150E333-8FDC-42A3-9474-1A3956D46DE8}") = "AcceptanceTesting", "AcceptanceTesting", "{1611BEEA-7CE9-4CA3-BC67-DDA52842984C}"
EndProject
Project("{2150E333-8FDC-42A3-9474-1A3956D46DE8}") = "UnitTesting", "UnitTesting", "{50758AE7-51F0-4C28-8C33-07E36EFEFDA1}"
EndProject
Project("{2150E333-8FDC-42A3-9474-1A3956D46DE8}") = "UnitTesting", "UnitTesting", "{B377F6C6-F2B1-4CBE-A980-60DEA249AA9E}"
EndProject
Project("{2150E333-8FDC-42A3-9474-1A3956D46DE8}") = "AcceptanceTesting", "AcceptanceTesting", "{4D725C69-3891-4619-816E-D5A1992C9AC0}"
EndProject
Global
	GlobalSection(SolutionProperties) = preSolution
		HideSolutionNode = FALSE
	EndGlobalSection
	GlobalSection(NestedProjects) = preSolution
		{F745F272-E48A-4E24-AEA8-025067B64813} = {A965715E-C28E-43EA-AAEC-56CA7C8B0F9E}
		{49C8458C-31EC-4431-BD90-79E71DBA99AF} = {A965715E-C28E-43EA-AAEC-56CA7C8B0F9E}
		{01FD7225-3541-43EB-B889-882269A78E08} = {A965715E-C28E-43EA-AAEC-56CA7C8B0F9E}
		{A965715E-C28E-43EA-AAEC-56CA7C8B0F9E} = {C0298E6B-A761-41E2-9061-36B3F81843E7}
		{16AE37F9-0A08-4BBD-8206-C0DC41F3EE71} = {C0298E6B-A761-41E2-9061-36B3F81843E7}
		{7840025C-5806-4DC5-B59E-344534547803} = {16AE37F9-0A08-4BBD-8206-C0DC41F3EE71}
		{033C2453-0BB0-40BC-9066-8FEECFA0B250} = {16AE37F9-0A08-4BBD-8206-C0DC41F3EE71}
		{7BE931D6-559C-4FCF-B055-F7490D9027BA} = {16AE37F9-0A08-4BBD-8206-C0DC41F3EE71}
		{698917CE-360D-42EF-8E1E-59B0C5818FE8} = {49C8458C-31EC-4431-BD90-79E71DBA99AF}
		{9B7FAADF-347D-45FE-9410-8E4309DAB07B} = {01FD7225-3541-43EB-B889-882269A78E08}
		{F1823407-E193-495A-95A1-F6AC629BC630} = {F745F272-E48A-4E24-AEA8-025067B64813}
		{1611BEEA-7CE9-4CA3-BC67-DDA52842984C} = {A965715E-C28E-43EA-AAEC-56CA7C8B0F9E}
		{50758AE7-51F0-4C28-8C33-07E36EFEFDA1} = {7840025C-5806-4DC5-B59E-344534547803}
		{B377F6C6-F2B1-4CBE-A980-60DEA249AA9E} = {7BE931D6-559C-4FCF-B055-F7490D9027BA}
		{4D725C69-3891-4619-816E-D5A1992C9AC0} = {16AE37F9-0A08-4BBD-8206-C0DC41F3EE71}
	EndGlobalSection
EndGlobal
